
Microsoft Visual Studio Solution File, Format Version 12.00
# Visual Studio Version 17
VisualStudioVersion = 17.7.34003.232
MinimumVisualStudioVersion = 10.0.40219.1
Project("{FAE04EC0-301F-11D3-BF4B-00C04F79EFBC}") = "ArraysDemension2", "ArraysDemension2\ArraysDemension2.csproj", "{31E6DD2B-EEC1-4DCD-919A-1B6671D5ADCD}"
EndProject
Project("{FAE04EC0-301F-11D3-BF4B-00C04F79EFBC}") = "workWithColums", "workWithColums\workWithColums.csproj", "{C307A289-6053-4D8B-A664-C90517171B93}"
EndProject
Global
	GlobalSection(SolutionConfigurationPlatforms) = preSolution
		Debug|Any CPU = Debug|Any CPU
		Release|Any CPU = Release|Any CPU
	EndGlobalSection
	GlobalSection(ProjectConfigurationPlatforms) = postSolution
		{31E6DD2B-EEC1-4DCD-919A-1B6671D5ADCD}.Debug|Any CPU.ActiveCfg = Debug|Any CPU
		{31E6DD2B-EEC1-4DCD-919A-1B6671D5ADCD}.Debug|Any CPU.Build.0 = Debug|Any CPU
		{31E6DD2B-EEC1-4DCD-919A-1B6671D5ADCD}.Release|Any CPU.ActiveCfg = Release|Any CPU
		{31E6DD2B-EEC1-4DCD-919A-1B6671D5ADCD}.Release|Any CPU.Build.0 = Release|Any CPU
		{C307A289-6053-4D8B-A664-C90517171B93}.Debug|Any CPU.ActiveCfg = Debug|Any CPU
		{C307A289-6053-4D8B-A664-C90517171B93}.Debug|Any CPU.Build.0 = Debug|Any CPU
		{C307A289-6053-4D8B-A664-C90517171B93}.Release|Any CPU.ActiveCfg = Release|Any CPU
		{C307A289-6053-4D8B-A664-C90517171B93}.Release|Any CPU.Build.0 = Release|Any CPU
	EndGlobalSection
	GlobalSection(SolutionProperties) = preSolution
		HideSolutionNode = FALSE
	EndGlobalSection
	GlobalSection(ExtensibilityGlobals) = postSolution
		SolutionGuid = {9679783D-8BA3-4893-8281-6BCCEB319FEA}
	EndGlobalSection
EndGlobal
